
Microsoft Visual Studio Solution File, Format Version 12.00
# Visual Studio Version 17
VisualStudioVersion = 17.5.33424.131
MinimumVisualStudioVersion = 10.0.40219.1
Project("{FAE04EC0-301F-11D3-BF4B-00C04F79EFBC}") = "C43_Interfaces_Demo", "C43_Interfaces_Demo\C43_Interfaces_Demo.csproj", "{87568B65-5E72-4C8D-841F-8ACFB401CBC2}"
EndProject
Global
	GlobalSection(SolutionConfigurationPlatforms) = preSolution
		Debug|Any CPU = Debug|Any CPU
		Release|Any CPU = Release|Any CPU
	EndGlobalSection
	GlobalSection(ProjectConfigurationPlatforms) = postSolution
		{87568B65-5E72-4C8D-841F-8ACFB401CBC2}.Debug|Any CPU.ActiveCfg = Debug|Any CPU
		{87568B65-5E72-4C8D-841F-8ACFB401CBC2}.Debug|Any CPU.Build.0 = Debug|Any CPU
		{87568B65-5E72-4C8D-841F-8ACFB401CBC2}.Release|Any CPU.ActiveCfg = Release|Any CPU
		{87568B65-5E72-4C8D-841F-8ACFB401CBC2}.Release|Any CPU.Build.0 = Release|Any CPU
	EndGlobalSection
	GlobalSection(SolutionProperties) = preSolution
		HideSolutionNode = FALSE
	EndGlobalSection
	GlobalSection(ExtensibilityGlobals) = postSolution
		SolutionGuid = {BB953A0B-80F0-4060-8BD5-176D7265941C}
	EndGlobalSection
EndGlobal
